
Microsoft Visual Studio Solution File, Format Version 12.00
# Visual Studio Version 17
VisualStudioVersion = 17.8.34511.84
MinimumVisualStudioVersion = 10.0.40219.1
Project("{F184B08F-C81C-45F6-A57F-5ABD9991F28F}") = "tab_control", "tab_control\tab_control.vbproj", "{EF863DC7-B05D-4BD2-B64D-6F3FE5409078}"
EndProject
Global
	GlobalSection(SolutionConfigurationPlatforms) = preSolution
		Debug|Any CPU = Debug|Any CPU
		Release|Any CPU = Release|Any CPU
	EndGlobalSection
	GlobalSection(ProjectConfigurationPlatforms) = postSolution
		{EF863DC7-B05D-4BD2-B64D-6F3FE5409078}.Debug|Any CPU.ActiveCfg = Debug|Any CPU
		{EF863DC7-B05D-4BD2-B64D-6F3FE5409078}.Debug|Any CPU.Build.0 = Debug|Any CPU
		{EF863DC7-B05D-4BD2-B64D-6F3FE5409078}.Release|Any CPU.ActiveCfg = Release|Any CPU
		{EF863DC7-B05D-4BD2-B64D-6F3FE5409078}.Release|Any CPU.Build.0 = Release|Any CPU
	EndGlobalSection
	GlobalSection(SolutionProperties) = preSolution
		HideSolutionNode = FALSE
	EndGlobalSection
	GlobalSection(ExtensibilityGlobals) = postSolution
		SolutionGuid = {1DD49322-E65F-4CAD-B1F2-5499315B016F}
	EndGlobalSection
EndGlobal
